{
    "name": "@captison/acid-plugin-react",
    "version": "0.0.1",
    "lockfileVersion": 3,
    "requires": true,
    "packages": {
        "": {
            "name": "@captison/acid-plugin-react",
            "version": "0.0.1",
            "license": "MIT",
            "dependencies": {
                "acorn": "^8.14.0",
                "acorn-jsx": "^5.3.2",
                "astring": "^1.9.0",
                "object-path": "^0.11.8",
                "object-scan": "^20.0.1"
            },
            "peerDependencies": {
                "react": "^19.x",
                "react-dom": "^19.x"
            }
        },
        "node_modules/acorn": {
            "version": "8.14.0",
            "resolved": "https://registry.npmjs.org/acorn/-/acorn-8.14.0.tgz",
            "integrity": "sha512-cl669nCJTZBsL97OF4kUQm5g5hC2uihk0NxY3WENAC0TYdILVkAyHymAntgxGkl7K+t0cXIrH5siy5S4XkFycA==",
            "license": "MIT",
            "bin": {
                "acorn": "bin/acorn"
            },
            "engines": {
                "node": ">=0.4.0"
            }
        },
        "node_modules/acorn-jsx": {
            "version": "5.3.2",
            "resolved": "https://registry.npmjs.org/acorn-jsx/-/acorn-jsx-5.3.2.tgz",
            "integrity": "sha512-rq9s+JNhf0IChjtDXxllJ7g41oZk5SlXtp0LHwyA5cejwn7vKmKp4pPri6YEePv2PU65sAsegbXtIinmDFDXgQ==",
            "license": "MIT",
            "peerDependencies": {
                "acorn": "^6.0.0 || ^7.0.0 || ^8.0.0"
            }
        },
        "node_modules/astring": {
            "version": "1.9.0",
            "resolved": "https://registry.npmjs.org/astring/-/astring-1.9.0.tgz",
            "integrity": "sha512-LElXdjswlqjWrPpJFg1Fx4wpkOCxj1TDHlSV4PlaRxHGWko024xICaa97ZkMfs6DRKlCguiAI+rbXv5GWwXIkg==",
            "license": "MIT",
            "bin": {
                "astring": "bin/astring"
            }
        },
        "node_modules/object-path": {
            "version": "0.11.8",
            "resolved": "https://registry.npmjs.org/object-path/-/object-path-0.11.8.tgz",
            "integrity": "sha512-YJjNZrlXJFM42wTBn6zgOJVar9KFJvzx6sTWDte8sWZF//cnjl0BxHNpfZx+ZffXX63A9q0b1zsFiBX4g4X5KA==",
            "license": "MIT",
            "engines": {
                "node": ">= 10.12.0"
            }
        },
        "node_modules/object-scan": {
            "version": "20.0.1",
            "resolved": "https://registry.npmjs.org/object-scan/-/object-scan-20.0.1.tgz",
            "integrity": "sha512-1NSDBcdyVAxoWSZAsiXi5oyUWjWAy11YBVeK3U/KRbZCvmfWYWt4A+pfTWD7caOzcyStMyhHlb0c9QNnydxNCA==",
            "license": "MIT",
            "engines": {
                "node": ">= 20"
            }
        },
        "node_modules/react": {
            "version": "19.2.0",
            "resolved": "https://registry.npmjs.org/react/-/react-19.2.0.tgz",
            "integrity": "sha512-tmbWg6W31tQLeB5cdIBOicJDJRR2KzXsV7uSK9iNfLWQ5bIZfxuPEHp7M8wiHyHnn0DD1i7w3Zmin0FtkrwoCQ==",
            "license": "MIT",
            "peer": true,
            "engines": {
                "node": ">=0.10.0"
            }
        },
        "node_modules/react-dom": {
            "version": "19.2.0",
            "resolved": "https://registry.npmjs.org/react-dom/-/react-dom-19.2.0.tgz",
            "integrity": "sha512-UlbRu4cAiGaIewkPyiRGJk0imDN2T3JjieT6spoL2UeSf5od4n5LB/mQ4ejmxhCFT1tYe8IvaFulzynWovsEFQ==",
            "license": "MIT",
            "peer": true,
            "dependencies": {
                "scheduler": "^0.27.0"
            },
            "peerDependencies": {
                "react": "^19.2.0"
            }
        },
        "node_modules/scheduler": {
            "version": "0.27.0",
            "resolved": "https://registry.npmjs.org/scheduler/-/scheduler-0.27.0.tgz",
            "integrity": "sha512-eNv+WrVbKu1f3vbYJT/xtiF5syA5HPIMtf9IgY/nKg0sWqzAUEvqY/xm7OcZc/qafLx/iO9FgOmeSAp4v5ti/Q==",
            "license": "MIT",
            "peer": true
        }
    }
}
